
Microsoft Visual Studio Solution File, Format Version 12.00
# Visual Studio 2012
Project("{FAE04EC0-301F-11D3-BF4B-00C04F79EFBC}") = "MvcDemoCast", "MvcDemoCast\MvcDemoCast.csproj", "{80F28C5E-22BD-40B1-BA0E-FD2841988489}"
EndProject
Project("{FAE04EC0-301F-11D3-BF4B-00C04F79EFBC}") = "ComponentContracts", "MyFoundation\ComponentContracts.csproj", "{21617C35-5D74-4135-9F04-11C1E3846B3B}"
EndProject
Project("{FAE04EC0-301F-11D3-BF4B-00C04F79EFBC}") = "ComponentLayer", "MyComponent\ComponentLayer.csproj", "{A2557D41-332B-4339-B6B4-93F16D2B08D7}"
EndProject
Project("{FAE04EC0-301F-11D3-BF4B-00C04F79EFBC}") = "ComponentModules", "Ioc.ComponentModules\ComponentModules.csproj", "{C59BC270-B510-416C-AEEE-161703C1388D}"
EndProject
Project("{FAE04EC0-301F-11D3-BF4B-00C04F79EFBC}") = "AspectLayer", "Ioc.AspectLayer\AspectLayer.csproj", "{10B9826A-F960-40DD-9926-EF4E2E815F85}"
EndProject
Project("{2150E333-8FDC-42A3-9474-1A3956D46DE8}") = "Core", "Core", "{5F195050-2B53-46FA-BE07-54EFEB70C046}"
EndProject
Project("{2150E333-8FDC-42A3-9474-1A3956D46DE8}") = "Contracts", "Contracts", "{7754BF6D-FA39-449A-9F04-422B75186F73}"
EndProject
Project("{FAE04EC0-301F-11D3-BF4B-00C04F79EFBC}") = "RepositoryContracts", "RepositoryContracts\RepositoryContracts.csproj", "{22C67DC7-48C9-4D01-94ED-74CB4D81FD2D}"
EndProject
Project("{FAE04EC0-301F-11D3-BF4B-00C04F79EFBC}") = "RepositoryLayer", "RepositoryLayer\RepositoryLayer.csproj", "{5ACDBAF8-80EB-4676-BB7B-674351AB01CF}"
EndProject
Project("{2150E333-8FDC-42A3-9474-1A3956D46DE8}") = "Layers", "Layers", "{67C89E36-035F-4DBC-B453-0CC25C4C7E52}"
EndProject
Project("{FAE04EC0-301F-11D3-BF4B-00C04F79EFBC}") = "AspectContracts", "AspectContracts\AspectContracts.csproj", "{F697B41D-3C41-42FA-8BAB-23C490182989}"
EndProject
Project("{FAE04EC0-301F-11D3-BF4B-00C04F79EFBC}") = "AspectModeles", "AspectModeles\AspectModeles.csproj", "{76559883-AC1F-4532-B83E-79E2F0C2B07B}"
EndProject
Project("{2150E333-8FDC-42A3-9474-1A3956D46DE8}") = "Modules", "Modules", "{DC6F03B7-EBE0-43F3-82F3-CC4475C92BB1}"
EndProject
Project("{FAE04EC0-301F-11D3-BF4B-00C04F79EFBC}") = "Models", "Models\Models.csproj", "{77154A14-A30F-4D79-B007-ACAA8EA6AD1A}"
EndProject
Project("{2150E333-8FDC-42A3-9474-1A3956D46DE8}") = "Attributes", "Attributes", "{95EEA04A-3684-463C-A869-E50C247820FC}"
EndProject
Project("{FAE04EC0-301F-11D3-BF4B-00C04F79EFBC}") = "ConsoleApp", "ConsoleApp\ConsoleApp.csproj", "{A74E16B9-81D0-4FD4-8B1C-A31C81003DDA}"
EndProject
Project("{FAE04EC0-301F-11D3-BF4B-00C04F79EFBC}") = "RepositoryModules", "RepositoryModules\RepositoryModules.csproj", "{D1096B8B-E139-4B87-BAB1-77C67D9CF826}"
EndProject
Project("{FAE04EC0-301F-11D3-BF4B-00C04F79EFBC}") = "UnitTest", "UnitTest\UnitTest.csproj", "{7F0F3561-35F0-493F-9A6F-4B7BB2C0CDE3}"
EndProject
Global
	GlobalSection(SolutionConfigurationPlatforms) = preSolution
		Debug|Any CPU = Debug|Any CPU
		Release|Any CPU = Release|Any CPU
	EndGlobalSection
	GlobalSection(ProjectConfigurationPlatforms) = postSolution
		{80F28C5E-22BD-40B1-BA0E-FD2841988489}.Debug|Any CPU.ActiveCfg = Debug|Any CPU
		{80F28C5E-22BD-40B1-BA0E-FD2841988489}.Debug|Any CPU.Build.0 = Debug|Any CPU
		{80F28C5E-22BD-40B1-BA0E-FD2841988489}.Release|Any CPU.ActiveCfg = Release|Any CPU
		{80F28C5E-22BD-40B1-BA0E-FD2841988489}.Release|Any CPU.Build.0 = Release|Any CPU
		{21617C35-5D74-4135-9F04-11C1E3846B3B}.Debug|Any CPU.ActiveCfg = Debug|Any CPU
		{21617C35-5D74-4135-9F04-11C1E3846B3B}.Debug|Any CPU.Build.0 = Debug|Any CPU
		{21617C35-5D74-4135-9F04-11C1E3846B3B}.Release|Any CPU.ActiveCfg = Release|Any CPU
		{21617C35-5D74-4135-9F04-11C1E3846B3B}.Release|Any CPU.Build.0 = Release|Any CPU
		{A2557D41-332B-4339-B6B4-93F16D2B08D7}.Debug|Any CPU.ActiveCfg = Debug|Any CPU
		{A2557D41-332B-4339-B6B4-93F16D2B08D7}.Debug|Any CPU.Build.0 = Debug|Any CPU
		{A2557D41-332B-4339-B6B4-93F16D2B08D7}.Release|Any CPU.ActiveCfg = Release|Any CPU
		{A2557D41-332B-4339-B6B4-93F16D2B08D7}.Release|Any CPU.Build.0 = Release|Any CPU
		{C59BC270-B510-416C-AEEE-161703C1388D}.Debug|Any CPU.ActiveCfg = Debug|Any CPU
		{C59BC270-B510-416C-AEEE-161703C1388D}.Debug|Any CPU.Build.0 = Debug|Any CPU
		{C59BC270-B510-416C-AEEE-161703C1388D}.Release|Any CPU.ActiveCfg = Release|Any CPU
		{C59BC270-B510-416C-AEEE-161703C1388D}.Release|Any CPU.Build.0 = Release|Any CPU
		{10B9826A-F960-40DD-9926-EF4E2E815F85}.Debug|Any CPU.ActiveCfg = Debug|Any CPU
		{10B9826A-F960-40DD-9926-EF4E2E815F85}.Debug|Any CPU.Build.0 = Debug|Any CPU
		{10B9826A-F960-40DD-9926-EF4E2E815F85}.Release|Any CPU.ActiveCfg = Release|Any CPU
		{10B9826A-F960-40DD-9926-EF4E2E815F85}.Release|Any CPU.Build.0 = Release|Any CPU
		{22C67DC7-48C9-4D01-94ED-74CB4D81FD2D}.Debug|Any CPU.ActiveCfg = Debug|Any CPU
		{22C67DC7-48C9-4D01-94ED-74CB4D81FD2D}.Debug|Any CPU.Build.0 = Debug|Any CPU
		{22C67DC7-48C9-4D01-94ED-74CB4D81FD2D}.Release|Any CPU.ActiveCfg = Release|Any CPU
		{22C67DC7-48C9-4D01-94ED-74CB4D81FD2D}.Release|Any CPU.Build.0 = Release|Any CPU
		{5ACDBAF8-80EB-4676-BB7B-674351AB01CF}.Debug|Any CPU.ActiveCfg = Debug|Any CPU
		{5ACDBAF8-80EB-4676-BB7B-674351AB01CF}.Debug|Any CPU.Build.0 = Debug|Any CPU
		{5ACDBAF8-80EB-4676-BB7B-674351AB01CF}.Release|Any CPU.ActiveCfg = Release|Any CPU
		{5ACDBAF8-80EB-4676-BB7B-674351AB01CF}.Release|Any CPU.Build.0 = Release|Any CPU
		{F697B41D-3C41-42FA-8BAB-23C490182989}.Debug|Any CPU.ActiveCfg = Debug|Any CPU
		{F697B41D-3C41-42FA-8BAB-23C490182989}.Debug|Any CPU.Build.0 = Debug|Any CPU
		{F697B41D-3C41-42FA-8BAB-23C490182989}.Release|Any CPU.ActiveCfg = Release|Any CPU
		{F697B41D-3C41-42FA-8BAB-23C490182989}.Release|Any CPU.Build.0 = Release|Any CPU
		{76559883-AC1F-4532-B83E-79E2F0C2B07B}.Debug|Any CPU.ActiveCfg = Debug|Any CPU
		{76559883-AC1F-4532-B83E-79E2F0C2B07B}.Debug|Any CPU.Build.0 = Debug|Any CPU
		{76559883-AC1F-4532-B83E-79E2F0C2B07B}.Release|Any CPU.ActiveCfg = Release|Any CPU
		{76559883-AC1F-4532-B83E-79E2F0C2B07B}.Release|Any CPU.Build.0 = Release|Any CPU
		{77154A14-A30F-4D79-B007-ACAA8EA6AD1A}.Debug|Any CPU.ActiveCfg = Debug|Any CPU
		{77154A14-A30F-4D79-B007-ACAA8EA6AD1A}.Debug|Any CPU.Build.0 = Debug|Any CPU
		{77154A14-A30F-4D79-B007-ACAA8EA6AD1A}.Release|Any CPU.ActiveCfg = Release|Any CPU
		{77154A14-A30F-4D79-B007-ACAA8EA6AD1A}.Release|Any CPU.Build.0 = Release|Any CPU
		{A74E16B9-81D0-4FD4-8B1C-A31C81003DDA}.Debug|Any CPU.ActiveCfg = Debug|Any CPU
		{A74E16B9-81D0-4FD4-8B1C-A31C81003DDA}.Debug|Any CPU.Build.0 = Debug|Any CPU
		{A74E16B9-81D0-4FD4-8B1C-A31C81003DDA}.Release|Any CPU.ActiveCfg = Release|Any CPU
		{A74E16B9-81D0-4FD4-8B1C-A31C81003DDA}.Release|Any CPU.Build.0 = Release|Any CPU
		{D1096B8B-E139-4B87-BAB1-77C67D9CF826}.Debug|Any CPU.ActiveCfg = Debug|Any CPU
		{D1096B8B-E139-4B87-BAB1-77C67D9CF826}.Debug|Any CPU.Build.0 = Debug|Any CPU
		{D1096B8B-E139-4B87-BAB1-77C67D9CF826}.Release|Any CPU.ActiveCfg = Release|Any CPU
		{D1096B8B-E139-4B87-BAB1-77C67D9CF826}.Release|Any CPU.Build.0 = Release|Any CPU
		{7F0F3561-35F0-493F-9A6F-4B7BB2C0CDE3}.Debug|Any CPU.ActiveCfg = Debug|Any CPU
		{7F0F3561-35F0-493F-9A6F-4B7BB2C0CDE3}.Debug|Any CPU.Build.0 = Debug|Any CPU
		{7F0F3561-35F0-493F-9A6F-4B7BB2C0CDE3}.Release|Any CPU.ActiveCfg = Release|Any CPU
		{7F0F3561-35F0-493F-9A6F-4B7BB2C0CDE3}.Release|Any CPU.Build.0 = Release|Any CPU
	EndGlobalSection
	GlobalSection(SolutionProperties) = preSolution
		HideSolutionNode = FALSE
	EndGlobalSection
	GlobalSection(NestedProjects) = preSolution
		{67C89E36-035F-4DBC-B453-0CC25C4C7E52} = {5F195050-2B53-46FA-BE07-54EFEB70C046}
		{DC6F03B7-EBE0-43F3-82F3-CC4475C92BB1} = {5F195050-2B53-46FA-BE07-54EFEB70C046}
		{7754BF6D-FA39-449A-9F04-422B75186F73} = {5F195050-2B53-46FA-BE07-54EFEB70C046}
		{77154A14-A30F-4D79-B007-ACAA8EA6AD1A} = {5F195050-2B53-46FA-BE07-54EFEB70C046}
		{95EEA04A-3684-463C-A869-E50C247820FC} = {5F195050-2B53-46FA-BE07-54EFEB70C046}
		{10B9826A-F960-40DD-9926-EF4E2E815F85} = {67C89E36-035F-4DBC-B453-0CC25C4C7E52}
		{5ACDBAF8-80EB-4676-BB7B-674351AB01CF} = {67C89E36-035F-4DBC-B453-0CC25C4C7E52}
		{A2557D41-332B-4339-B6B4-93F16D2B08D7} = {67C89E36-035F-4DBC-B453-0CC25C4C7E52}
		{76559883-AC1F-4532-B83E-79E2F0C2B07B} = {DC6F03B7-EBE0-43F3-82F3-CC4475C92BB1}
		{C59BC270-B510-416C-AEEE-161703C1388D} = {DC6F03B7-EBE0-43F3-82F3-CC4475C92BB1}
		{D1096B8B-E139-4B87-BAB1-77C67D9CF826} = {DC6F03B7-EBE0-43F3-82F3-CC4475C92BB1}
		{21617C35-5D74-4135-9F04-11C1E3846B3B} = {7754BF6D-FA39-449A-9F04-422B75186F73}
		{22C67DC7-48C9-4D01-94ED-74CB4D81FD2D} = {7754BF6D-FA39-449A-9F04-422B75186F73}
		{F697B41D-3C41-42FA-8BAB-23C490182989} = {7754BF6D-FA39-449A-9F04-422B75186F73}
	EndGlobalSection
EndGlobal
